
Microsoft Visual Studio Solution File, Format Version 12.00
Project("{FAE04EC0-301F-11D3-BF4B-00C04F79EFBC}") = "invmanager", "invmanager\invmanager.csproj", "{331F1145-9CD0-4C52-8CAE-ED9355B798CB}"
EndProject
Global
	GlobalSection(SolutionConfigurationPlatforms) = preSolution
		Debug|Any CPU = Debug|Any CPU
		Release|Any CPU = Release|Any CPU
	EndGlobalSection
	GlobalSection(ProjectConfigurationPlatforms) = postSolution
		{331F1145-9CD0-4C52-8CAE-ED9355B798CB}.Debug|Any CPU.ActiveCfg = Debug|Any CPU
		{331F1145-9CD0-4C52-8CAE-ED9355B798CB}.Debug|Any CPU.Build.0 = Debug|Any CPU
		{331F1145-9CD0-4C52-8CAE-ED9355B798CB}.Release|Any CPU.ActiveCfg = Release|Any CPU
		{331F1145-9CD0-4C52-8CAE-ED9355B798CB}.Release|Any CPU.Build.0 = Release|Any CPU
	EndGlobalSection
EndGlobal
